# THIS IS AN AUTOGENERATED FILE. DO NOT EDIT THIS FILE DIRECTLY.
# yarn lockfile v1


"@types/node@^13.9.2":
  version "13.13.19"
  resolved "https://registry.yarnpkg.com/@types/node/-/node-13.13.19.tgz#f4165496e66e3da37b9e136887db446795e00c5b"
  integrity sha512-IVsULCpTdafcHhBDLYEPnV5l15xV0q065zvOHC1ZmzFYaBCMzku078eXnazoSG8907vZjRgEN/EQjku7GwwFyQ==

"@types/prop-types@*":
  version "15.7.3"
  resolved "https://registry.yarnpkg.com/@types/prop-types/-/prop-types-15.7.3.tgz#2ab0d5da2e5815f94b0b9d4b95d1e5f243ab2ca7"
  integrity sha512-KfRL3PuHmqQLOG+2tGpRO26Ctg+Cq1E01D2DMriKEATHgWLfeNDmq9e29Q9WIky0dQ3NPkd1mzYH8Lm936Z9qw==

"@types/react@16.8.25":
  version "16.8.25"
  resolved "https://registry.yarnpkg.com/@types/react/-/react-16.8.25.tgz#0247613ab58b1b11ba10fed662e1947c5f2bb89c"
  integrity sha512-ydAAkLnNTC4oYSxJ3zwK/4QcVmEecACJ4ZdxXITbxz/dhahBSDKY6OQ1uawAW6rE/7kfHccxulYLSAIZVrSq0A==
  dependencies:
    "@types/prop-types" "*"
    csstype "^2.2.0"

csstype@^2.2.0:
  version "2.6.13"
  resolved "https://registry.yarnpkg.com/csstype/-/csstype-2.6.13.tgz#a6893015b90e84dd6e85d0e3b442a1e84f2dbe0f"
  integrity sha512-ul26pfSQTZW8dcOnD2iiJssfXw0gdNVX9IJDH/X3K5DGPfj+fUYe3kB+swUY6BF3oZDxaID3AJt+9/ojSAE05A==

font-awesome@4.7.0:
  version "4.7.0"
  resolved "https://registry.yarnpkg.com/font-awesome/-/font-awesome-4.7.0.tgz#8fa8cf0411a1a31afd07b06d2902bb9fc815a133"
  integrity sha1-j6jPBBGhoxr9B7BtKQK7n8gVoTM=

marked@0.7.0:
  version "0.7.0"
  resolved "https://registry.yarnpkg.com/marked/-/marked-0.7.0.tgz#b64201f051d271b1edc10a04d1ae9b74bb8e5c0e"
  integrity sha512-c+yYdCZJQrsRjTPhUx7VKkApw9bwDkNbHUKo1ovgcfDjb2kc8rLuRbIFyXL5WOEUwzSSKo3IXpph2K6DqB/KZg==

notebook@^1.0.1:
  version "1.0.1"
  resolved "https://registry.yarnpkg.com/notebook/-/notebook-1.0.1.tgz#23b460a9cce3e412e1b45ad8e66610e8bba34eea"
  integrity sha1-I7Rgqczj5BLhtFrY5mYQ6LujTuo=

typescript@3.8.3:
  version "3.8.3"
  resolved "https://registry.yarnpkg.com/typescript/-/typescript-3.8.3.tgz#409eb8544ea0335711205869ec458ab109ee1061"
  integrity sha512-MYlEfn5VrLNsgudQTVJeNaQFUAI7DkhnOjdpAp4T+ku1TfQClewlbSuTVHiA+8skNBgaf02TL/kLOvig4y3G8w==
